github.com/creack/pty v1.1.24 h1:bJrF4RRfyJnbTJqzRLHzcGaZK1NeM5kTC9jGgovnR1s=
github.com/creack/pty v1.1.24/go.mod h1:08sCNb52WyoAwi2QDyzUCTgcvVFhUzewun7wtTfvcwE=
github.com/google/go-cmp v0.7.0 h1:wk8382ETsv4JYUZwIsn6YpYiWiBsYLSJiTsyBybVuN8=
github.com/google/go-cmp v0.7.0/go.mod h1:pXiqmnSA92OHEEa9HXL2W4E7lf9JzCmGVUdgjX3N/iU=
github.com/rceman/xterm-go v0.0.0-20260914105654-11f9a83d3f40 h1:vU7tvoeHoIqXYgy3RwxRicnwNKByTQtdJPRTM1qqYlk=
github.com/rceman/xterm-go v0.0.0-20260914105654-11f9a83d3f40/go.mod h1:WhLy7K/3LrysMeD652N5sT80pldZpEXlWdivu7BoNrE=
